PODS:
  - DatabaseVisual (0.0.5)
  - FMDB (2.7.5):
    - FMDB/standard (= 2.7.5)
  - FMDB/standard (2.7.5)
  - Kingfisher (7.6.2)
  - SnapKit (5.6.0)

DEPENDENCIES:
  - DatabaseVisual (from `https://github.com/FMYang/DatabaseVisual.git`)
  - FMDB
  - Kingfisher
  - SnapKit

SPEC REPOS:
  trunk:
    - FMDB
    - Kingfisher
    - SnapKit

EXTERNAL SOURCES:
  DatabaseVisual:
    :git: https://github.com/FMYang/DatabaseVisual.git

CHECKOUT OPTIONS:
  DatabaseVisual:
    :commit: fac2e0ef61afd81c00311b81cf13631d2c03a9c6
    :git: https://github.com/FMYang/DatabaseVisual.git

SPEC CHECKSUMS:
  DatabaseVisual: a7749391100bd1ef9cb5e31b3692dea492defcdc
  FMDB: 2ce00b547f966261cd18927a3ddb07cb6f3db82a
  Kingfisher: 6c5449c6450c5239166510ba04afe374a98afc4f
  SnapKit: e01d52ebb8ddbc333eefe2132acf85c8227d9c25

PODFILE CHECKSUM: e4d524026feee509cd1d4a4b0a48333e8e75bff7

COCOAPODS: 1.12.0
